
Microsoft Visual Studio Solution File, Format Version 12.00
# Visual Studio 15
VisualStudioVersion = 15.0.28307.572
MinimumVisualStudioVersion = 10.0.40219.1
Project("{FAE04EC0-301F-11D3-BF4B-00C04F79EFBC}") = "BikeRentalSPA", "BikeRentalSPA\BikeRentalSPA.csproj", "{1A0EA19F-ABA5-4D06-80D3-FC9EE88F8D4F}"
EndProject
Project("{FAE04EC0-301F-11D3-BF4B-00C04F79EFBC}") = "BikeWebApiService", "..\BikeWebApiService\BikeWebApiService\BikeWebApiService.csproj", "{88B9D517-C01A-4340-B693-39C82FCFB926}"
EndProject
Global
	GlobalSection(SolutionConfigurationPlatforms) = preSolution
		Debug|Any CPU = Debug|Any CPU
		Release|Any CPU = Release|Any CPU
	EndGlobalSection
	GlobalSection(ProjectConfigurationPlatforms) = postSolution
		{1A0EA19F-ABA5-4D06-80D3-FC9EE88F8D4F}.Debug|Any CPU.ActiveCfg = Debug|Any CPU
		{1A0EA19F-ABA5-4D06-80D3-FC9EE88F8D4F}.Debug|Any CPU.Build.0 = Debug|Any CPU
		{1A0EA19F-ABA5-4D06-80D3-FC9EE88F8D4F}.Release|Any CPU.ActiveCfg = Release|Any CPU
		{1A0EA19F-ABA5-4D06-80D3-FC9EE88F8D4F}.Release|Any CPU.Build.0 = Release|Any CPU
		{88B9D517-C01A-4340-B693-39C82FCFB926}.Debug|Any CPU.ActiveCfg = Debug|Any CPU
		{88B9D517-C01A-4340-B693-39C82FCFB926}.Debug|Any CPU.Build.0 = Debug|Any CPU
		{88B9D517-C01A-4340-B693-39C82FCFB926}.Release|Any CPU.ActiveCfg = Release|Any CPU
		{88B9D517-C01A-4340-B693-39C82FCFB926}.Release|Any CPU.Build.0 = Release|Any CPU
	EndGlobalSection
	GlobalSection(SolutionProperties) = preSolution
		HideSolutionNode = FALSE
	EndGlobalSection
	GlobalSection(ExtensibilityGlobals) = postSolution
		SolutionGuid = {EC630973-3F29-4B65-B45F-9F3152A2A418}
	EndGlobalSection
EndGlobal
